
Microsoft Visual Studio Solution File, Format Version 12.00
# Visual Studio Version 17
VisualStudioVersion = 17.14.36109.1
MinimumVisualStudioVersion = 10.0.40219.1
Project("{FAE04EC0-301F-11D3-BF4B-00C04F79EFBC}") = "SystemHTTPListener", "SystemHTTPListener.csproj", "{1AE9A97D-B0D8-4C2D-A2C8-DB99968B4C10}"
EndProject
Global
	GlobalSection(SolutionConfigurationPlatforms) = preSolution
		Debug|Any CPU = Debug|Any CPU
		Release|Any CPU = Release|Any CPU
	EndGlobalSection
	GlobalSection(ProjectConfigurationPlatforms) = postSolution
		{1AE9A97D-B0D8-4C2D-A2C8-DB99968B4C10}.Debug|Any CPU.ActiveCfg = Debug|Any CPU
		{1AE9A97D-B0D8-4C2D-A2C8-DB99968B4C10}.Debug|Any CPU.Build.0 = Debug|Any CPU
		{1AE9A97D-B0D8-4C2D-A2C8-DB99968B4C10}.Release|Any CPU.ActiveCfg = Release|Any CPU
		{1AE9A97D-B0D8-4C2D-A2C8-DB99968B4C10}.Release|Any CPU.Build.0 = Release|Any CPU
	EndGlobalSection
	GlobalSection(SolutionProperties) = preSolution
		HideSolutionNode = FALSE
	EndGlobalSection
	GlobalSection(ExtensibilityGlobals) = postSolution
		SolutionGuid = {9A90107A-0FE5-43A3-BDB7-03CF177F3857}
	EndGlobalSection
EndGlobal
